
Microsoft Visual Studio Solution File, Format Version 12.00
# Visual Studio Version 17
VisualStudioVersion = 17.0.31903.59
MinimumVisualStudioVersion = 10.0.40219.1
Project("{2150E333-8FDC-42A3-9474-1A3956D46DE8}") = "src", "src", "{5C1DB49F-3782-4FBB-9BE0-BA405B3D3876}"
EndProject
Project("{FAE04EC0-301F-11D3-BF4B-00C04F79EFBC}") = "AletheiaPlayer.Api", "src\AletheiaPlayer.Api\AletheiaPlayer.Api.csproj", "{0744F147-A96C-4F3A-8192-99E0D0645D71}"
EndProject
Project("{FAE04EC0-301F-11D3-BF4B-00C04F79EFBC}") = "AletheiaPlayer.Desktop", "src\AletheiaPlayer.Desktop\AletheiaPlayer.Desktop.csproj", "{7E008E33-9D98-44EC-AA1D-1D3389BDD623}"
EndProject
Global
	GlobalSection(SolutionConfigurationPlatforms) = preSolution
		Debug|Any CPU = Debug|Any CPU
		Release|Any CPU = Release|Any CPU
	EndGlobalSection
	GlobalSection(SolutionProperties) = preSolution
		HideSolutionNode = FALSE
	EndGlobalSection
	GlobalSection(ProjectConfigurationPlatforms) = postSolution
		{0744F147-A96C-4F3A-8192-99E0D0645D71}.Debug|Any CPU.ActiveCfg = Debug|Any CPU
		{0744F147-A96C-4F3A-8192-99E0D0645D71}.Debug|Any CPU.Build.0 = Debug|Any CPU
		{0744F147-A96C-4F3A-8192-99E0D0645D71}.Release|Any CPU.ActiveCfg = Release|Any CPU
		{0744F147-A96C-4F3A-8192-99E0D0645D71}.Release|Any CPU.Build.0 = Release|Any CPU
		{7E008E33-9D98-44EC-AA1D-1D3389BDD623}.Debug|Any CPU.ActiveCfg = Debug|Any CPU
		{7E008E33-9D98-44EC-AA1D-1D3389BDD623}.Debug|Any CPU.Build.0 = Debug|Any CPU
		{7E008E33-9D98-44EC-AA1D-1D3389BDD623}.Release|Any CPU.ActiveCfg = Release|Any CPU
		{7E008E33-9D98-44EC-AA1D-1D3389BDD623}.Release|Any CPU.Build.0 = Release|Any CPU
	EndGlobalSection
	GlobalSection(NestedProjects) = preSolution
		{0744F147-A96C-4F3A-8192-99E0D0645D71} = {5C1DB49F-3782-4FBB-9BE0-BA405B3D3876}
		{7E008E33-9D98-44EC-AA1D-1D3389BDD623} = {5C1DB49F-3782-4FBB-9BE0-BA405B3D3876}
	EndGlobalSection
EndGlobal
